# GENERATED by scripts/gen-requirements.py — do not edit by hand.
# Source of truth: pyproject.toml [project].dependencies (runtime only).
# The Dockerfile installs this lock so the runtime image carries no dev tooling.
fastapi==0.141.1
uvicorn[standard]==0.34.1
pydantic==2.10.6
httpx==0.28.1
prometheus-client==0.21.1
qdrant-client==1.18.0
cryptography==50.0.0
