// !$*UTF8*$!
{
	archiveVersion = 1;
	classes = {
	};
	objectVersion = 56;
	objects = {

/* Begin PBXBuildFile section */
		B1A2B3C4D5E6F70100000001 /* KeychainToolApp.swift in Sources */ = {isa = PBXBuildFile; fileRef = A1A2B3C4D5E6F70100000001 /* KeychainToolApp.swift */; };
/* End PBXBuildFile section */

/* Begin PBXFileReference section */
		A1A2B3C4D5E6F70100000001 /* KeychainToolApp.swift */ = {isa = PBXFileReference; lastKnownFileType = sourcecode.swift; path = KeychainToolApp.swift; sourceTree = "<group>"; };
		A1A2B3C4D5E6F70100000002 /* KeychainTool.entitlements */ = {isa = PBXFileReference; lastKnownFileType = text.plist.entitlements; path = KeychainTool.entitlements; sourceTree = "<group>"; };
		A1A2B3C4D5E6F70100000003 /* KeychainTool.app */ = {isa = PBXFileReference; explicitFileType = wrapper.application; includeInIndex = 0; path = KeychainTool.app; sourceTree = BUILT_PRODUCTS_DIR; };
/* End PBXFileReference section */

/* Begin PBXFrameworksBuildPhase section */
		B1A2B3C4D5E6F70200000001 /* Frameworks */ = {
			isa = PBXFrameworksBuildPhase;
			buildActionMask = 2147483647;
			files = (
			);
			runOnlyForDeploymentPostprocessing = 0;
		};
/* End PBXFrameworksBuildPhase section */

/* Begin PBXGroup section */
		C1A2B3C4D5E6F70100000001 = {
			isa = PBXGroup;
			children = (
				C1A2B3C4D5E6F70100000002 /* KeychainTool */,
				C1A2B3C4D5E6F70100000003 /* Products */,
			);
			sourceTree = "<group>";
		};
		C1A2B3C4D5E6F70100000002 /* KeychainTool */ = {
			isa = PBXGroup;
			children = (
				A1A2B3C4D5E6F70100000001 /* KeychainToolApp.swift */,
				A1A2B3C4D5E6F70100000002 /* KeychainTool.entitlements */,
			);
			path = KeychainTool;
			sourceTree = "<group>";
		};
		C1A2B3C4D5E6F70100000003 /* Products */ = {
			isa = PBXGroup;
			children = (
				A1A2B3C4D5E6F70100000003 /* KeychainTool.app */,
			);
			name = Products;
			sourceTree = "<group>";
		};
/* End PBXGroup section */

/* Begin PBXNativeTarget section */
		D1A2B3C4D5E6F70100000001 /* KeychainTool */ = {
			isa = PBXNativeTarget;
			buildConfigurationList = E1A2B3C4D5E6F70100000002 /* Build configuration list for PBXNativeTarget "KeychainTool" */;
			buildPhases = (
				B1A2B3C4D5E6F70300000001 /* Sources */,
				B1A2B3C4D5E6F70200000001 /* Frameworks */,
				B1A2B3C4D5E6F70400000001 /* Resources */,
			);
			buildRules = (
			);
			dependencies = (
			);
			name = KeychainTool;
			productName = KeychainTool;
			productReference = A1A2B3C4D5E6F70100000003 /* KeychainTool.app */;
			productType = "com.apple.product-type.application";
		};
/* End PBXNativeTarget section */

/* Begin PBXProject section */
		F1A2B3C4D5E6F70100000001 /* Project object */ = {
			isa = PBXProject;
			attributes = {
				BuildIndependentTargetsInParallel = 1;
				LastSwiftUpdateCheck = 1500;
				LastUpgradeCheck = 1500;
				TargetAttributes = {
					D1A2B3C4D5E6F70100000001 = {
						CreatedOnToolsVersion = 15.0;
						ProvisioningStyle = Automatic;
						SystemCapabilities = {
							"com.apple.Keychain-Sharing" = {
								enabled = 1;
							};
						};
					};
				};
			};
			buildConfigurationList = E1A2B3C4D5E6F70100000001 /* Build configuration list for PBXProject "KeychainTool" */;
			compatibilityVersion = "Xcode 14.0";
			developmentRegion = en;
			hasScannedForEncodings = 0;
			knownRegions = (
				en,
				Base,
			);
			mainGroup = C1A2B3C4D5E6F70100000001;
			productRefGroup = C1A2B3C4D5E6F70100000003 /* Products */;
			projectDirPath = "";
			projectRoot = "";
			targets = (
				D1A2B3C4D5E6F70100000001 /* KeychainTool */,
			);
		};
/* End PBXProject section */

/* Begin PBXResourcesBuildPhase section */
		B1A2B3C4D5E6F70400000001 /* Resources */ = {
			isa = PBXResourcesBuildPhase;
			buildActionMask = 2147483647;
			files = (
			);
			runOnlyForDeploymentPostprocessing = 0;
		};
/* End PBXResourcesBuildPhase section */

/* Begin PBXSourcesBuildPhase section */
		B1A2B3C4D5E6F70300000001 /* Sources */ = {
			isa = PBXSourcesBuildPhase;
			buildActionMask = 2147483647;
			files = (
				B1A2B3C4D5E6F70100000001 /* KeychainToolApp.swift in Sources */,
			);
			runOnlyForDeploymentPostprocessing = 0;
		};
/* End PBXSourcesBuildPhase section */

/* Begin XCBuildConfiguration section */
		E1A2B3C4D5E6F70200000001 /* Debug */ = {
			isa = XCBuildConfiguration;
			buildSettings = {
				ALWAYS_SEARCH_USER_PATHS = NO;
				CLANG_ANALYZER_NONNULL = YES;
				CLANG_ENABLE_MODULES = YES;
				CLANG_ENABLE_OBJC_ARC = YES;
				COPY_PHASE_STRIP = NO;
				DEBUG_INFORMATION_FORMAT = dwarf;
				ENABLE_STRICT_OBJC_MSGSEND = YES;
				ENABLE_TESTABILITY = YES;
				GCC_C_LANGUAGE_STANDARD = gnu11;
				GCC_DYNAMIC_NO_PIC = NO;
				GCC_NO_COMMON_BLOCKS = YES;
				GCC_OPTIMIZATION_LEVEL = 0;
				GCC_PREPROCESSOR_DEFINITIONS = (
					"DEBUG=1",
					"$(inherited)",
				);
				MACOSX_DEPLOYMENT_TARGET = 13.0;
				MTL_ENABLE_DEBUG_INFO = INCLUDE_SOURCE;
				MTL_FAST_MATH = YES;
				ONLY_ACTIVE_ARCH = YES;
				SDKROOT = macosx;
				SWIFT_ACTIVE_COMPILATION_CONDITIONS = DEBUG;
				SWIFT_OPTIMIZATION_LEVEL = "-Onone";
			};
			name = Debug;
		};
		E1A2B3C4D5E6F70200000002 /* Release */ = {
			isa = XCBuildConfiguration;
			buildSettings = {
				ALWAYS_SEARCH_USER_PATHS = NO;
				CLANG_ANALYZER_NONNULL = YES;
				CLANG_ENABLE_MODULES = YES;
				CLANG_ENABLE_OBJC_ARC = YES;
				COPY_PHASE_STRIP = NO;
				DEBUG_INFORMATION_FORMAT = "dwarf-with-dsym";
				ENABLE_NS_ASSERTIONS = NO;
				ENABLE_STRICT_OBJC_MSGSEND = YES;
				GCC_C_LANGUAGE_STANDARD = gnu11;
				GCC_NO_COMMON_BLOCKS = YES;
				MACOSX_DEPLOYMENT_TARGET = 13.0;
				MTL_ENABLE_DEBUG_INFO = NO;
				MTL_FAST_MATH = YES;
				SDKROOT = macosx;
				SWIFT_COMPILATION_MODE = wholemodule;
				SWIFT_OPTIMIZATION_LEVEL = "-O";
			};
			name = Release;
		};
		E1A2B3C4D5E6F70200000003 /* Debug */ = {
			isa = XCBuildConfiguration;
			buildSettings = {
				CODE_SIGN_ENTITLEMENTS = KeychainTool/KeychainTool.entitlements;
				CODE_SIGN_STYLE = Automatic;
				COMBINE_HIDPI_IMAGES = YES;
				CURRENT_PROJECT_VERSION = 1;
				ENABLE_APP_SANDBOX = NO;
				ENABLE_HARDENED_RUNTIME = NO;
				GENERATE_INFOPLIST_FILE = YES;
				INFOPLIST_KEY_NSHumanReadableCopyright = "";
				LD_RUNPATH_SEARCH_PATHS = (
					"$(inherited)",
					"@executable_path/../Frameworks",
				);
				MARKETING_VERSION = 1.0;
				PRODUCT_BUNDLE_IDENTIFIER = com.blackswanlabz.msb.secenclave;
				PRODUCT_NAME = "$(TARGET_NAME)";
				SWIFT_EMIT_LOC_STRINGS = YES;
				SWIFT_VERSION = 5.0;
			};
			name = Debug;
		};
		E1A2B3C4D5E6F70200000004 /* Release */ = {
			isa = XCBuildConfiguration;
			buildSettings = {
				CODE_SIGN_ENTITLEMENTS = KeychainTool/KeychainTool.entitlements;
				CODE_SIGN_STYLE = Automatic;
				COMBINE_HIDPI_IMAGES = YES;
				CURRENT_PROJECT_VERSION = 1;
				ENABLE_APP_SANDBOX = NO;
				ENABLE_HARDENED_RUNTIME = NO;
				GENERATE_INFOPLIST_FILE = YES;
				INFOPLIST_KEY_NSHumanReadableCopyright = "";
				LD_RUNPATH_SEARCH_PATHS = (
					"$(inherited)",
					"@executable_path/../Frameworks",
				);
				MARKETING_VERSION = 1.0;
				PRODUCT_BUNDLE_IDENTIFIER = com.blackswanlabz.msb.secenclave;
				PRODUCT_NAME = "$(TARGET_NAME)";
				SWIFT_EMIT_LOC_STRINGS = YES;
				SWIFT_VERSION = 5.0;
			};
			name = Release;
		};
/* End XCBuildConfiguration section */

/* Begin XCConfigurationList section */
		E1A2B3C4D5E6F70100000001 /* Build configuration list for PBXProject "KeychainTool" */ = {
			isa = XCConfigurationList;
			buildConfigurations = (
				E1A2B3C4D5E6F70200000001 /* Debug */,
				E1A2B3C4D5E6F70200000002 /* Release */,
			);
			defaultConfigurationIsVisible = 0;
			defaultConfigurationName = Release;
		};
		E1A2B3C4D5E6F70100000002 /* Build configuration list for PBXNativeTarget "KeychainTool" */ = {
			isa = XCConfigurationList;
			buildConfigurations = (
				E1A2B3C4D5E6F70200000003 /* Debug */,
				E1A2B3C4D5E6F70200000004 /* Release */,
			);
			defaultConfigurationIsVisible = 0;
			defaultConfigurationName = Release;
		};
/* End XCConfigurationList section */
	};
	rootObject = F1A2B3C4D5E6F70100000001 /* Project object */;
}
